
Microsoft Visual Studio Solution File, Format Version 12.00
# Visual Studio Version 17
VisualStudioVersion = 17.7.33808.371
MinimumVisualStudioVersion = 10.0.40219.1
Project("{9A19103F-16F7-4668-BE54-9A1E7A4F7556}") = "ConsoleApp1", "ConsoleApp1\ConsoleApp1.csproj", "{818FF2C2-4569-47CC-AB98-02B0038C1BD9}"
EndProject
Project("{6EC3EE1D-3C4E-46DD-8F32-0CC8E7565705}") = "ConsoleApp2", "ConsoleApp2\ConsoleApp2.fsproj", "{045E06ED-7126-49C9-8CC7-899E651DAE71}"
EndProject
Project("{6EC3EE1D-3C4E-46DD-8F32-0CC8E7565705}") = "ResultBindMap", "ResultBindMap\ResultBindMap.fsproj", "{DADD95A0-2C48-49AE-AF3C-BFF08BE72B11}"
EndProject
Project("{6EC3EE1D-3C4E-46DD-8F32-0CC8E7565705}") = "FSharpMeetup1", "FSharpMeetup1\FSharpMeetup1.fsproj", "{03EE1778-40FE-4F3E-B093-1955E3B03E80}"
EndProject
Project("{6EC3EE1D-3C4E-46DD-8F32-0CC8E7565705}") = "RandomChallangesAndStuff", "RandomChallangesAndStuff\RandomChallangesAndStuff.fsproj", "{BC88B834-BAA5-4BDA-85C3-50E055F0428D}"
EndProject
Project("{6EC3EE1D-3C4E-46DD-8F32-0CC8E7565705}") = "Todo", "Todo\Todo.fsproj", "{4D07DFE4-684B-44A6-A965-B4594EC2E33C}"
EndProject
Project("{6EC3EE1D-3C4E-46DD-8F32-0CC8E7565705}") = "LearningTests", "LearningTests\LearningTests.fsproj", "{84B0542A-1A1B-4668-83DA-049B642DDB44}"
EndProject
Project("{6EC3EE1D-3C4E-46DD-8F32-0CC8E7565705}") = "FunAndProfitExamples", "FunAndProfitExamples\FunAndProfitExamples.fsproj", "{88BC0690-24D4-4D61-ABD7-7F376CB6FD97}"
EndProject
Project("{9A19103F-16F7-4668-BE54-9A1E7A4F7556}") = "Linq", "Linq\Linq.csproj", "{72F4866A-92CE-44EC-9D2A-84C94EF85E7B}"
EndProject
Project("{9A19103F-16F7-4668-BE54-9A1E7A4F7556}") = "LinqExample", "LinqExample\LinqExample.csproj", "{1FA62E27-8FA8-43C0-83EE-7043CB8329C4}"
EndProject
Project("{9A19103F-16F7-4668-BE54-9A1E7A4F7556}") = "MethodChaningExample", "MethodChaningExample\MethodChaningExample.csproj", "{F43CDECC-54E7-4ED2-BDAF-BFBC79325D9B}"
EndProject
Project("{9A19103F-16F7-4668-BE54-9A1E7A4F7556}") = "CardLinqExample", "CardLinqExample\CardLinqExample.csproj", "{136CFFCE-72B2-45A5-B84D-B9CCF73B7307}"
EndProject
Project("{9A19103F-16F7-4668-BE54-9A1E7A4F7556}") = "LinqPlayground", "LinqPlayground\LinqPlayground.csproj", "{9ACCA7D6-3C49-4B7D-BF5B-CF4EE695BB6E}"
EndProject
Project("{6EC3EE1D-3C4E-46DD-8F32-0CC8E7565705}") = "FSharpScripts", "FSharpScripts\FSharpScripts.fsproj", "{228A4009-238E-4FD4-BB20-C5DE2FA1DF55}"
EndProject
Project("{6EC3EE1D-3C4E-46DD-8F32-0CC8E7565705}") = "BenGobeil", "BenGobeil\BenGobeil.fsproj", "{13E7F223-7AC3-48DC-9E04-31AF0EDDED71}"
EndProject
Project("{F2A71F9B-5D33-465A-A702-920D77279786}") = "FSharpLearningScratchPad", "FSharpLearningScratchPad\FSharpLearningScratchPad.fsproj", "{F528C91E-B70B-4BEF-8FBD-A319FB205759}"
EndProject
Project("{F2A71F9B-5D33-465A-A702-920D77279786}") = "BenGClasses", "BenGClasses\BenGClasses.fsproj", "{BE8C2B56-D2CC-4C50-A569-86DCBCC84675}"
EndProject
Project("{F2A71F9B-5D33-465A-A702-920D77279786}") = "RandomScripts", "RandomScripts\RandomScripts.fsproj", "{971E8C64-2C92-4800-AC58-1475C93F558C}"
EndProject
Project("{F2A71F9B-5D33-465A-A702-920D77279786}") = "OryxDemo", "OryxDemo\OryxDemo.fsproj", "{6B2AE4BA-D97B-4A49-ABB2-86C31A3AE78C}"
EndProject
Global
	GlobalSection(SolutionConfigurationPlatforms) = preSolution
		Debug|Any CPU = Debug|Any CPU
		Release|Any CPU = Release|Any CPU
	EndGlobalSection
	GlobalSection(ProjectConfigurationPlatforms) = postSolution
		{818FF2C2-4569-47CC-AB98-02B0038C1BD9}.Debug|Any CPU.ActiveCfg = Debug|Any CPU
		{818FF2C2-4569-47CC-AB98-02B0038C1BD9}.Debug|Any CPU.Build.0 = Debug|Any CPU
		{818FF2C2-4569-47CC-AB98-02B0038C1BD9}.Release|Any CPU.ActiveCfg = Release|Any CPU
		{818FF2C2-4569-47CC-AB98-02B0038C1BD9}.Release|Any CPU.Build.0 = Release|Any CPU
		{045E06ED-7126-49C9-8CC7-899E651DAE71}.Debug|Any CPU.ActiveCfg = Debug|Any CPU
		{045E06ED-7126-49C9-8CC7-899E651DAE71}.Debug|Any CPU.Build.0 = Debug|Any CPU
		{045E06ED-7126-49C9-8CC7-899E651DAE71}.Release|Any CPU.ActiveCfg = Release|Any CPU
		{045E06ED-7126-49C9-8CC7-899E651DAE71}.Release|Any CPU.Build.0 = Release|Any CPU
		{DADD95A0-2C48-49AE-AF3C-BFF08BE72B11}.Debug|Any CPU.ActiveCfg = Debug|Any CPU
		{DADD95A0-2C48-49AE-AF3C-BFF08BE72B11}.Debug|Any CPU.Build.0 = Debug|Any CPU
		{DADD95A0-2C48-49AE-AF3C-BFF08BE72B11}.Release|Any CPU.ActiveCfg = Release|Any CPU
		{DADD95A0-2C48-49AE-AF3C-BFF08BE72B11}.Release|Any CPU.Build.0 = Release|Any CPU
		{03EE1778-40FE-4F3E-B093-1955E3B03E80}.Debug|Any CPU.ActiveCfg = Debug|Any CPU
		{03EE1778-40FE-4F3E-B093-1955E3B03E80}.Debug|Any CPU.Build.0 = Debug|Any CPU
		{03EE1778-40FE-4F3E-B093-1955E3B03E80}.Release|Any CPU.ActiveCfg = Release|Any CPU
		{03EE1778-40FE-4F3E-B093-1955E3B03E80}.Release|Any CPU.Build.0 = Release|Any CPU
		{BC88B834-BAA5-4BDA-85C3-50E055F0428D}.Debug|Any CPU.ActiveCfg = Debug|Any CPU
		{BC88B834-BAA5-4BDA-85C3-50E055F0428D}.Debug|Any CPU.Build.0 = Debug|Any CPU
		{BC88B834-BAA5-4BDA-85C3-50E055F0428D}.Release|Any CPU.ActiveCfg = Release|Any CPU
		{BC88B834-BAA5-4BDA-85C3-50E055F0428D}.Release|Any CPU.Build.0 = Release|Any CPU
		{4D07DFE4-684B-44A6-A965-B4594EC2E33C}.Debug|Any CPU.ActiveCfg = Debug|Any CPU
		{4D07DFE4-684B-44A6-A965-B4594EC2E33C}.Debug|Any CPU.Build.0 = Debug|Any CPU
		{4D07DFE4-684B-44A6-A965-B4594EC2E33C}.Release|Any CPU.ActiveCfg = Release|Any CPU
		{4D07DFE4-684B-44A6-A965-B4594EC2E33C}.Release|Any CPU.Build.0 = Release|Any CPU
		{84B0542A-1A1B-4668-83DA-049B642DDB44}.Debug|Any CPU.ActiveCfg = Debug|Any CPU
		{84B0542A-1A1B-4668-83DA-049B642DDB44}.Debug|Any CPU.Build.0 = Debug|Any CPU
		{84B0542A-1A1B-4668-83DA-049B642DDB44}.Release|Any CPU.ActiveCfg = Release|Any CPU
		{84B0542A-1A1B-4668-83DA-049B642DDB44}.Release|Any CPU.Build.0 = Release|Any CPU
		{88BC0690-24D4-4D61-ABD7-7F376CB6FD97}.Debug|Any CPU.ActiveCfg = Debug|Any CPU
		{88BC0690-24D4-4D61-ABD7-7F376CB6FD97}.Debug|Any CPU.Build.0 = Debug|Any CPU
		{88BC0690-24D4-4D61-ABD7-7F376CB6FD97}.Release|Any CPU.ActiveCfg = Release|Any CPU
		{88BC0690-24D4-4D61-ABD7-7F376CB6FD97}.Release|Any CPU.Build.0 = Release|Any CPU
		{72F4866A-92CE-44EC-9D2A-84C94EF85E7B}.Debug|Any CPU.ActiveCfg = Debug|Any CPU
		{72F4866A-92CE-44EC-9D2A-84C94EF85E7B}.Debug|Any CPU.Build.0 = Debug|Any CPU
		{72F4866A-92CE-44EC-9D2A-84C94EF85E7B}.Release|Any CPU.ActiveCfg = Release|Any CPU
		{72F4866A-92CE-44EC-9D2A-84C94EF85E7B}.Release|Any CPU.Build.0 = Release|Any CPU
		{1FA62E27-8FA8-43C0-83EE-7043CB8329C4}.Debug|Any CPU.ActiveCfg = Debug|Any CPU
		{1FA62E27-8FA8-43C0-83EE-7043CB8329C4}.Debug|Any CPU.Build.0 = Debug|Any CPU
		{1FA62E27-8FA8-43C0-83EE-7043CB8329C4}.Release|Any CPU.ActiveCfg = Release|Any CPU
		{1FA62E27-8FA8-43C0-83EE-7043CB8329C4}.Release|Any CPU.Build.0 = Release|Any CPU
		{F43CDECC-54E7-4ED2-BDAF-BFBC79325D9B}.Debug|Any CPU.ActiveCfg = Debug|Any CPU
		{F43CDECC-54E7-4ED2-BDAF-BFBC79325D9B}.Debug|Any CPU.Build.0 = Debug|Any CPU
		{F43CDECC-54E7-4ED2-BDAF-BFBC79325D9B}.Release|Any CPU.ActiveCfg = Release|Any CPU
		{F43CDECC-54E7-4ED2-BDAF-BFBC79325D9B}.Release|Any CPU.Build.0 = Release|Any CPU
		{136CFFCE-72B2-45A5-B84D-B9CCF73B7307}.Debug|Any CPU.ActiveCfg = Debug|Any CPU
		{136CFFCE-72B2-45A5-B84D-B9CCF73B7307}.Debug|Any CPU.Build.0 = Debug|Any CPU
		{136CFFCE-72B2-45A5-B84D-B9CCF73B7307}.Release|Any CPU.ActiveCfg = Release|Any CPU
		{136CFFCE-72B2-45A5-B84D-B9CCF73B7307}.Release|Any CPU.Build.0 = Release|Any CPU
		{9ACCA7D6-3C49-4B7D-BF5B-CF4EE695BB6E}.Debug|Any CPU.ActiveCfg = Debug|Any CPU
		{9ACCA7D6-3C49-4B7D-BF5B-CF4EE695BB6E}.Debug|Any CPU.Build.0 = Debug|Any CPU
		{9ACCA7D6-3C49-4B7D-BF5B-CF4EE695BB6E}.Release|Any CPU.ActiveCfg = Release|Any CPU
		{9ACCA7D6-3C49-4B7D-BF5B-CF4EE695BB6E}.Release|Any CPU.Build.0 = Release|Any CPU
		{228A4009-238E-4FD4-BB20-C5DE2FA1DF55}.Debug|Any CPU.ActiveCfg = Debug|Any CPU
		{228A4009-238E-4FD4-BB20-C5DE2FA1DF55}.Debug|Any CPU.Build.0 = Debug|Any CPU
		{228A4009-238E-4FD4-BB20-C5DE2FA1DF55}.Release|Any CPU.ActiveCfg = Release|Any CPU
		{228A4009-238E-4FD4-BB20-C5DE2FA1DF55}.Release|Any CPU.Build.0 = Release|Any CPU
		{13E7F223-7AC3-48DC-9E04-31AF0EDDED71}.Debug|Any CPU.ActiveCfg = Debug|Any CPU
		{13E7F223-7AC3-48DC-9E04-31AF0EDDED71}.Debug|Any CPU.Build.0 = Debug|Any CPU
		{13E7F223-7AC3-48DC-9E04-31AF0EDDED71}.Release|Any CPU.ActiveCfg = Release|Any CPU
		{13E7F223-7AC3-48DC-9E04-31AF0EDDED71}.Release|Any CPU.Build.0 = Release|Any CPU
		{F528C91E-B70B-4BEF-8FBD-A319FB205759}.Debug|Any CPU.ActiveCfg = Debug|Any CPU
		{F528C91E-B70B-4BEF-8FBD-A319FB205759}.Debug|Any CPU.Build.0 = Debug|Any CPU
		{F528C91E-B70B-4BEF-8FBD-A319FB205759}.Release|Any CPU.ActiveCfg = Release|Any CPU
		{F528C91E-B70B-4BEF-8FBD-A319FB205759}.Release|Any CPU.Build.0 = Release|Any CPU
		{BE8C2B56-D2CC-4C50-A569-86DCBCC84675}.Debug|Any CPU.ActiveCfg = Debug|Any CPU
		{BE8C2B56-D2CC-4C50-A569-86DCBCC84675}.Debug|Any CPU.Build.0 = Debug|Any CPU
		{BE8C2B56-D2CC-4C50-A569-86DCBCC84675}.Release|Any CPU.ActiveCfg = Release|Any CPU
		{BE8C2B56-D2CC-4C50-A569-86DCBCC84675}.Release|Any CPU.Build.0 = Release|Any CPU
		{971E8C64-2C92-4800-AC58-1475C93F558C}.Debug|Any CPU.ActiveCfg = Debug|Any CPU
		{971E8C64-2C92-4800-AC58-1475C93F558C}.Debug|Any CPU.Build.0 = Debug|Any CPU
		{971E8C64-2C92-4800-AC58-1475C93F558C}.Release|Any CPU.ActiveCfg = Release|Any CPU
		{971E8C64-2C92-4800-AC58-1475C93F558C}.Release|Any CPU.Build.0 = Release|Any CPU
		{6B2AE4BA-D97B-4A49-ABB2-86C31A3AE78C}.Debug|Any CPU.ActiveCfg = Debug|Any CPU
		{6B2AE4BA-D97B-4A49-ABB2-86C31A3AE78C}.Debug|Any CPU.Build.0 = Debug|Any CPU
		{6B2AE4BA-D97B-4A49-ABB2-86C31A3AE78C}.Release|Any CPU.ActiveCfg = Release|Any CPU
		{6B2AE4BA-D97B-4A49-ABB2-86C31A3AE78C}.Release|Any CPU.Build.0 = Release|Any CPU
	EndGlobalSection
	GlobalSection(SolutionProperties) = preSolution
		HideSolutionNode = FALSE
	EndGlobalSection
	GlobalSection(ExtensibilityGlobals) = postSolution
		SolutionGuid = {6F2B1490-7D04-40A7-A86C-3DB4FC952D34}
	EndGlobalSection
EndGlobal
